
Microsoft Visual Studio Solution File, Format Version 12.00
# Visual Studio Version 17
VisualStudioVersion = 17.2.32616.157
MinimumVisualStudioVersion = 10.0.40219.1
Project("{FAE04EC0-301F-11D3-BF4B-00C04F79EFBC}") = "Exercicio3", "Exercicio3\Exercicio3.csproj", "{D2504EAF-8803-4C59-A8BB-DFAD0E3AF549}"
EndProject
Global
	GlobalSection(SolutionConfigurationPlatforms) = preSolution
		Debug|Any CPU = Debug|Any CPU
		Release|Any CPU = Release|Any CPU
	EndGlobalSection
	GlobalSection(ProjectConfigurationPlatforms) = postSolution
		{D2504EAF-8803-4C59-A8BB-DFAD0E3AF549}.Debug|Any CPU.ActiveCfg = Debug|Any CPU
		{D2504EAF-8803-4C59-A8BB-DFAD0E3AF549}.Debug|Any CPU.Build.0 = Debug|Any CPU
		{D2504EAF-8803-4C59-A8BB-DFAD0E3AF549}.Release|Any CPU.ActiveCfg = Release|Any CPU
		{D2504EAF-8803-4C59-A8BB-DFAD0E3AF549}.Release|Any CPU.Build.0 = Release|Any CPU
	EndGlobalSection
	GlobalSection(SolutionProperties) = preSolution
		HideSolutionNode = FALSE
	EndGlobalSection
	GlobalSection(ExtensibilityGlobals) = postSolution
		SolutionGuid = {36813644-800B-4AEA-8331-88E7120E955D}
	EndGlobalSection
EndGlobal
