
Microsoft Visual Studio Solution File, Format Version 12.00
# Visual Studio Version 17
VisualStudioVersion = 17.2.32616.157
MinimumVisualStudioVersion = 10.0.40219.1
Project("{FAE04EC0-301F-11D3-BF4B-00C04F79EFBC}") = "Exercicio1", "Exercicio1\Exercicio1.csproj", "{40F64DE8-BFC1-45AB-9FE5-32FCE475AC4A}"
EndProject
Global
	GlobalSection(SolutionConfigurationPlatforms) = preSolution
		Debug|Any CPU = Debug|Any CPU
		Release|Any CPU = Release|Any CPU
	EndGlobalSection
	GlobalSection(ProjectConfigurationPlatforms) = postSolution
		{40F64DE8-BFC1-45AB-9FE5-32FCE475AC4A}.Debug|Any CPU.ActiveCfg = Debug|Any CPU
		{40F64DE8-BFC1-45AB-9FE5-32FCE475AC4A}.Debug|Any CPU.Build.0 = Debug|Any CPU
		{40F64DE8-BFC1-45AB-9FE5-32FCE475AC4A}.Release|Any CPU.ActiveCfg = Release|Any CPU
		{40F64DE8-BFC1-45AB-9FE5-32FCE475AC4A}.Release|Any CPU.Build.0 = Release|Any CPU
	EndGlobalSection
	GlobalSection(SolutionProperties) = preSolution
		HideSolutionNode = FALSE
	EndGlobalSection
	GlobalSection(ExtensibilityGlobals) = postSolution
		SolutionGuid = {EF5C33ED-6DF7-40F4-BECD-7B5CE27A67EE}
	EndGlobalSection
EndGlobal
